{
  "name": "agrocentinela",
  "version": "0.1.0",
  "lockfileVersion": 3,
  "requires": true,
  "packages": {
    "": {
      "name": "agrocentinela",
      "version": "0.1.0",
      "workspaces": [
        "packages/shared",
        "packages/frontend",
        "packages/backend"
      ],
      "engines": {
        "node": ">=18.0.0"
      }
    },
    "node_modules/@agrocentinela/shared": {
      "resolved": "packages/shared",
      "link": true
    },
    "packages/shared": {
      "name": "@agrocentinela/shared",
      "version": "0.1.0",
      "dependencies": {
        "zod": "3.23.8"
      },
      "devDependencies": {
        "typescript": "5.5.4"
      }
    },
    "packages/shared/node_modules/typescript": {
      "version": "5.5.4",
      "dev": true,
      "license": "Apache-2.0",
      "bin": {
        "tsc": "bin/tsc",
        "tsserver": "bin/tsserver"
      },
      "engines": {
        "node": ">=14.17"
      }
    },
    "packages/shared/node_modules/zod": {
      "version": "3.23.8",
      "license": "MIT",
      "funding": {
        "url": "https://github.com/sponsors/colinhacks"
      }
    }
  }
}
